
Microsoft Visual Studio Solution File, Format Version 12.00
# Visual Studio Version 16
VisualStudioVersion = 16.0.30104.148
MinimumVisualStudioVersion = 10.0.40219.1
Project("{FAE04EC0-301F-11D3-BF4B-00C04F79EFBC}") = "punto4", "punto4\punto4.csproj", "{0418EF2B-26A9-42F2-ABFF-61D710DE2BFB}"
EndProject
Global
	GlobalSection(SolutionConfigurationPlatforms) = preSolution
		Debug|Any CPU = Debug|Any CPU
		Release|Any CPU = Release|Any CPU
	EndGlobalSection
	GlobalSection(ProjectConfigurationPlatforms) = postSolution
		{0418EF2B-26A9-42F2-ABFF-61D710DE2BFB}.Debug|Any CPU.ActiveCfg = Debug|Any CPU
		{0418EF2B-26A9-42F2-ABFF-61D710DE2BFB}.Debug|Any CPU.Build.0 = Debug|Any CPU
		{0418EF2B-26A9-42F2-ABFF-61D710DE2BFB}.Release|Any CPU.ActiveCfg = Release|Any CPU
		{0418EF2B-26A9-42F2-ABFF-61D710DE2BFB}.Release|Any CPU.Build.0 = Release|Any CPU
	EndGlobalSection
	GlobalSection(SolutionProperties) = preSolution
		HideSolutionNode = FALSE
	EndGlobalSection
	GlobalSection(ExtensibilityGlobals) = postSolution
		SolutionGuid = {F96B649A-77EA-406C-9672-5AB24B2B1A63}
	EndGlobalSection
EndGlobal
